
Microsoft Visual Studio Solution File, Format Version 12.00
# Visual Studio Version 17
VisualStudioVersion = 17.5.33627.172
MinimumVisualStudioVersion = 10.0.40219.1
Project("{2150E333-8FDC-42A3-9474-1A3956D46DE8}") = "0 - Modeling and Design", "0 - Modeling and Design", "{9AB2E4F0-3BB3-4E5F-B41F-56E068901D0B}"
EndProject
Project("{2150E333-8FDC-42A3-9474-1A3956D46DE8}") = "1 - Layers", "1 - Layers", "{8BB010FD-7B8B-494A-8407-DD4B1BF7A795}"
EndProject
Project("{2150E333-8FDC-42A3-9474-1A3956D46DE8}") = "1.1 - Presentation", "1.1 - Presentation", "{3E696E92-0179-4504-A5CC-BA69129BAFB2}"
EndProject
Project("{2150E333-8FDC-42A3-9474-1A3956D46DE8}") = "1.2 - Distributed Services", "1.2 - Distributed Services", "{13CF4C1B-D109-4FDB-BF3F-7B573F0365B2}"
EndProject
Project("{2150E333-8FDC-42A3-9474-1A3956D46DE8}") = "1.3 - Application", "1.3 - Application", "{BA1D10E1-6D2A-43AB-841E-B369AFD859CA}"
EndProject
Project("{2150E333-8FDC-42A3-9474-1A3956D46DE8}") = "1.4 - Domain", "1.4 - Domain", "{D260E41A-377E-4EE9-AE08-FFE6CE1ABC5D}"
EndProject
Project("{2150E333-8FDC-42A3-9474-1A3956D46DE8}") = "1.5 - Infrastructure", "1.5 - Infrastructure", "{2C5A883F-7176-4481-A67B-F5E64761103F}"
EndProject
Project("{2150E333-8FDC-42A3-9474-1A3956D46DE8}") = "2 - Database", "2 - Database", "{6722C609-7A6B-4D37-B491-E4A92003A7C7}"
EndProject
Project("{9A19103F-16F7-4668-BE54-9A1E7A4F7556}") = "Aspiro.WebApi", "1.2 - Distributed Services\Aspiro.WebApi\Aspiro.WebApi.csproj", "{85C8D463-66B0-4598-87E4-E276813E694D}"
EndProject
Project("{9A19103F-16F7-4668-BE54-9A1E7A4F7556}") = "Aspiro.Contracts.ExternalServices", "1.3 - Application\Aspiro.Contracts.ExternalServices\Aspiro.Contracts.ExternalServices.csproj", "{7936C8E7-C7E5-483D-ABEA-33418D2F2AB7}"
EndProject
Project("{9A19103F-16F7-4668-BE54-9A1E7A4F7556}") = "Aspiro.Contracts.ServiceLibrary", "1.3 - Application\Aspiro.Contracts.ServiceLibrary\Aspiro.Contracts.ServiceLibrary.csproj", "{E6402587-2654-4103-A507-7AC66142904B}"
EndProject
Project("{9A19103F-16F7-4668-BE54-9A1E7A4F7556}") = "Aspiro.Impl.ServiceLibrary", "1.3 - Application\Aspiro.Impl.ServiceLibrary\Aspiro.Impl.ServiceLibrary.csproj", "{F93C4AAC-4633-40D4-A719-B3B0B47C85E4}"
EndProject
Project("{9A19103F-16F7-4668-BE54-9A1E7A4F7556}") = "Aspiro.Impl.ExternalServices", "1.3 - Application\Aspiro.Impl.ExternalServices\Aspiro.Impl.ExternalServices.csproj", "{024FA616-979B-4E0C-98C0-FE481142ACF1}"
EndProject
Project("{2150E333-8FDC-42A3-9474-1A3956D46DE8}") = "1.4.1 - Core", "1.4.1 - Core", "{0E864A4B-9793-44E8-97DE-4BC16CFF1F9B}"
EndProject
Project("{2150E333-8FDC-42A3-9474-1A3956D46DE8}") = "1.4.2 - MainModule", "1.4.2 - MainModule", "{FAA95A63-1217-4CDD-B6CD-C6012C7C4DFF}"
EndProject
Project("{9A19103F-16F7-4668-BE54-9A1E7A4F7556}") = "Aspiro.Library", "1.4 - Domain\1.4.2 - MainModule\Aspiro.Library\Aspiro.Library.csproj", "{47AE2CFE-DF3B-43E4-8983-A3B841D7D730}"
EndProject
Project("{9A19103F-16F7-4668-BE54-9A1E7A4F7556}") = "Aspiro.DB.Infrastructure", "1.5 - Infrastructure\1.5.1 - Data\Aspiro.DB.Infrastructure\Aspiro.DB.Infrastructure.csproj", "{F8404DEC-8747-4DDA-9FFE-7C764E882456}"
EndProject
Project("{2150E333-8FDC-42A3-9474-1A3956D46DE8}") = "1.5.1 - Data", "1.5.1 - Data", "{1CFABD8D-449E-4172-B455-7574ECF09FDA}"
EndProject
Project("{2150E333-8FDC-42A3-9474-1A3956D46DE8}") = "1.5.2 - Cross Cutting", "1.5.2 - Cross Cutting", "{C23C8C93-EA6F-45CF-B285-3E672EA39DA5}"
EndProject
Project("{9A19103F-16F7-4668-BE54-9A1E7A4F7556}") = "Aspiro.Extensions", "1.5 - Infrastructure\1.5.2 - Cross Cutting\Aspiro.Extensions\Aspiro.Extensions.csproj", "{037BCF37-FC59-4BBC-B64A-B557A6978416}"
EndProject
Project("{00D1A9C2-B5F0-4AF3-8072-F6C62B433612}") = "AspiroDataBase", "AspiroDataBase\AspiroDataBase.sqlproj", "{A3BF22E9-ADD2-4643-BD5B-E0DCF1EF7BEC}"
EndProject
Global
	GlobalSection(SolutionConfigurationPlatforms) = preSolution
		Debug|Any CPU = Debug|Any CPU
		Release|Any CPU = Release|Any CPU
	EndGlobalSection
	GlobalSection(ProjectConfigurationPlatforms) = postSolution
		{85C8D463-66B0-4598-87E4-E276813E694D}.Debug|Any CPU.ActiveCfg = Debug|Any CPU
		{85C8D463-66B0-4598-87E4-E276813E694D}.Debug|Any CPU.Build.0 = Debug|Any CPU
		{85C8D463-66B0-4598-87E4-E276813E694D}.Release|Any CPU.ActiveCfg = Release|Any CPU
		{85C8D463-66B0-4598-87E4-E276813E694D}.Release|Any CPU.Build.0 = Release|Any CPU
		{7936C8E7-C7E5-483D-ABEA-33418D2F2AB7}.Debug|Any CPU.ActiveCfg = Debug|Any CPU
		{7936C8E7-C7E5-483D-ABEA-33418D2F2AB7}.Debug|Any CPU.Build.0 = Debug|Any CPU
		{7936C8E7-C7E5-483D-ABEA-33418D2F2AB7}.Release|Any CPU.ActiveCfg = Release|Any CPU
		{7936C8E7-C7E5-483D-ABEA-33418D2F2AB7}.Release|Any CPU.Build.0 = Release|Any CPU
		{E6402587-2654-4103-A507-7AC66142904B}.Debug|Any CPU.ActiveCfg = Debug|Any CPU
		{E6402587-2654-4103-A507-7AC66142904B}.Debug|Any CPU.Build.0 = Debug|Any CPU
		{E6402587-2654-4103-A507-7AC66142904B}.Release|Any CPU.ActiveCfg = Release|Any CPU
		{E6402587-2654-4103-A507-7AC66142904B}.Release|Any CPU.Build.0 = Release|Any CPU
		{F93C4AAC-4633-40D4-A719-B3B0B47C85E4}.Debug|Any CPU.ActiveCfg = Debug|Any CPU
		{F93C4AAC-4633-40D4-A719-B3B0B47C85E4}.Debug|Any CPU.Build.0 = Debug|Any CPU
		{F93C4AAC-4633-40D4-A719-B3B0B47C85E4}.Release|Any CPU.ActiveCfg = Release|Any CPU
		{F93C4AAC-4633-40D4-A719-B3B0B47C85E4}.Release|Any CPU.Build.0 = Release|Any CPU
		{024FA616-979B-4E0C-98C0-FE481142ACF1}.Debug|Any CPU.ActiveCfg = Debug|Any CPU
		{024FA616-979B-4E0C-98C0-FE481142ACF1}.Debug|Any CPU.Build.0 = Debug|Any CPU
		{024FA616-979B-4E0C-98C0-FE481142ACF1}.Release|Any CPU.ActiveCfg = Release|Any CPU
		{024FA616-979B-4E0C-98C0-FE481142ACF1}.Release|Any CPU.Build.0 = Release|Any CPU
		{47AE2CFE-DF3B-43E4-8983-A3B841D7D730}.Debug|Any CPU.ActiveCfg = Debug|Any CPU
		{47AE2CFE-DF3B-43E4-8983-A3B841D7D730}.Debug|Any CPU.Build.0 = Debug|Any CPU
		{47AE2CFE-DF3B-43E4-8983-A3B841D7D730}.Release|Any CPU.ActiveCfg = Release|Any CPU
		{47AE2CFE-DF3B-43E4-8983-A3B841D7D730}.Release|Any CPU.Build.0 = Release|Any CPU
		{F8404DEC-8747-4DDA-9FFE-7C764E882456}.Debug|Any CPU.ActiveCfg = Debug|Any CPU
		{F8404DEC-8747-4DDA-9FFE-7C764E882456}.Debug|Any CPU.Build.0 = Debug|Any CPU
		{F8404DEC-8747-4DDA-9FFE-7C764E882456}.Release|Any CPU.ActiveCfg = Release|Any CPU
		{F8404DEC-8747-4DDA-9FFE-7C764E882456}.Release|Any CPU.Build.0 = Release|Any CPU
		{037BCF37-FC59-4BBC-B64A-B557A6978416}.Debug|Any CPU.ActiveCfg = Debug|Any CPU
		{037BCF37-FC59-4BBC-B64A-B557A6978416}.Debug|Any CPU.Build.0 = Debug|Any CPU
		{037BCF37-FC59-4BBC-B64A-B557A6978416}.Release|Any CPU.ActiveCfg = Release|Any CPU
		{037BCF37-FC59-4BBC-B64A-B557A6978416}.Release|Any CPU.Build.0 = Release|Any CPU
		{A3BF22E9-ADD2-4643-BD5B-E0DCF1EF7BEC}.Debug|Any CPU.ActiveCfg = Debug|Any CPU
		{A3BF22E9-ADD2-4643-BD5B-E0DCF1EF7BEC}.Debug|Any CPU.Build.0 = Debug|Any CPU
		{A3BF22E9-ADD2-4643-BD5B-E0DCF1EF7BEC}.Debug|Any CPU.Deploy.0 = Debug|Any CPU
		{A3BF22E9-ADD2-4643-BD5B-E0DCF1EF7BEC}.Release|Any CPU.ActiveCfg = Release|Any CPU
		{A3BF22E9-ADD2-4643-BD5B-E0DCF1EF7BEC}.Release|Any CPU.Build.0 = Release|Any CPU
		{A3BF22E9-ADD2-4643-BD5B-E0DCF1EF7BEC}.Release|Any CPU.Deploy.0 = Release|Any CPU
	EndGlobalSection
	GlobalSection(SolutionProperties) = preSolution
		HideSolutionNode = FALSE
	EndGlobalSection
	GlobalSection(NestedProjects) = preSolution
		{3E696E92-0179-4504-A5CC-BA69129BAFB2} = {8BB010FD-7B8B-494A-8407-DD4B1BF7A795}
		{13CF4C1B-D109-4FDB-BF3F-7B573F0365B2} = {8BB010FD-7B8B-494A-8407-DD4B1BF7A795}
		{BA1D10E1-6D2A-43AB-841E-B369AFD859CA} = {8BB010FD-7B8B-494A-8407-DD4B1BF7A795}
		{D260E41A-377E-4EE9-AE08-FFE6CE1ABC5D} = {8BB010FD-7B8B-494A-8407-DD4B1BF7A795}
		{2C5A883F-7176-4481-A67B-F5E64761103F} = {8BB010FD-7B8B-494A-8407-DD4B1BF7A795}
		{85C8D463-66B0-4598-87E4-E276813E694D} = {13CF4C1B-D109-4FDB-BF3F-7B573F0365B2}
		{7936C8E7-C7E5-483D-ABEA-33418D2F2AB7} = {BA1D10E1-6D2A-43AB-841E-B369AFD859CA}
		{E6402587-2654-4103-A507-7AC66142904B} = {BA1D10E1-6D2A-43AB-841E-B369AFD859CA}
		{F93C4AAC-4633-40D4-A719-B3B0B47C85E4} = {BA1D10E1-6D2A-43AB-841E-B369AFD859CA}
		{024FA616-979B-4E0C-98C0-FE481142ACF1} = {BA1D10E1-6D2A-43AB-841E-B369AFD859CA}
		{0E864A4B-9793-44E8-97DE-4BC16CFF1F9B} = {D260E41A-377E-4EE9-AE08-FFE6CE1ABC5D}
		{FAA95A63-1217-4CDD-B6CD-C6012C7C4DFF} = {D260E41A-377E-4EE9-AE08-FFE6CE1ABC5D}
		{47AE2CFE-DF3B-43E4-8983-A3B841D7D730} = {FAA95A63-1217-4CDD-B6CD-C6012C7C4DFF}
		{F8404DEC-8747-4DDA-9FFE-7C764E882456} = {1CFABD8D-449E-4172-B455-7574ECF09FDA}
		{1CFABD8D-449E-4172-B455-7574ECF09FDA} = {2C5A883F-7176-4481-A67B-F5E64761103F}
		{C23C8C93-EA6F-45CF-B285-3E672EA39DA5} = {2C5A883F-7176-4481-A67B-F5E64761103F}
		{037BCF37-FC59-4BBC-B64A-B557A6978416} = {C23C8C93-EA6F-45CF-B285-3E672EA39DA5}
		{A3BF22E9-ADD2-4643-BD5B-E0DCF1EF7BEC} = {6722C609-7A6B-4D37-B491-E4A92003A7C7}
	EndGlobalSection
	GlobalSection(ExtensibilityGlobals) = postSolution
		SolutionGuid = {A2C2DF1E-3A88-4F88-939B-8E81D5E5752C}
	EndGlobalSection
EndGlobal
