
Microsoft Visual Studio Solution File, Format Version 12.00
# Visual Studio Version 17
VisualStudioVersion = 17.5.33627.172
MinimumVisualStudioVersion = 10.0.40219.1
Project("{2150E333-8FDC-42A3-9474-1A3956D46DE8}") = "0 - Modeling and Design", "0 - Modeling and Design", "{9AB2E4F0-3BB3-4E5F-B41F-56E068901D0B}"
EndProject
Project("{2150E333-8FDC-42A3-9474-1A3956D46DE8}") = "1 - Layers", "1 - Layers", "{8BB010FD-7B8B-494A-8407-DD4B1BF7A795}"
EndProject
Project("{2150E333-8FDC-42A3-9474-1A3956D46DE8}") = "1.1 - Presentation", "1.1 - Presentation", "{3E696E92-0179-4504-A5CC-BA69129BAFB2}"
EndProject
Project("{2150E333-8FDC-42A3-9474-1A3956D46DE8}") = "1.2 - Distributed Services", "1.2 - Distributed Services", "{13CF4C1B-D109-4FDB-BF3F-7B573F0365B2}"
EndProject
Project("{2150E333-8FDC-42A3-9474-1A3956D46DE8}") = "1.3 - Application", "1.3 - Application", "{BA1D10E1-6D2A-43AB-841E-B369AFD859CA}"
EndProject
Project("{2150E333-8FDC-42A3-9474-1A3956D46DE8}") = "1.4 - Domain", "1.4 - Domain", "{D260E41A-377E-4EE9-AE08-FFE6CE1ABC5D}"
EndProject
Project("{2150E333-8FDC-42A3-9474-1A3956D46DE8}") = "1.5 - Infrastructure", "1.5 - Infrastructure", "{2C5A883F-7176-4481-A67B-F5E64761103F}"
EndProject
Project("{2150E333-8FDC-42A3-9474-1A3956D46DE8}") = "2 - Database", "2 - Database", "{6722C609-7A6B-4D37-B491-E4A92003A7C7}"
EndProject
Project("{2150E333-8FDC-42A3-9474-1A3956D46DE8}") = "1.4.1 - Core", "1.4.1 - Core", "{0E864A4B-9793-44E8-97DE-4BC16CFF1F9B}"
EndProject
Project("{2150E333-8FDC-42A3-9474-1A3956D46DE8}") = "1.4.2 - MainModule", "1.4.2 - MainModule", "{FAA95A63-1217-4CDD-B6CD-C6012C7C4DFF}"
EndProject
Project("{2150E333-8FDC-42A3-9474-1A3956D46DE8}") = "1.5.1 - Data", "1.5.1 - Data", "{1CFABD8D-449E-4172-B455-7574ECF09FDA}"
EndProject
Project("{2150E333-8FDC-42A3-9474-1A3956D46DE8}") = "1.5.2 - Cross Cutting", "1.5.2 - Cross Cutting", "{C23C8C93-EA6F-45CF-B285-3E672EA39DA5}"
EndProject
Project("{FAE04EC0-301F-11D3-BF4B-00C04F79EFBC}") = "Aspiro.WebApi", "1 - Layers\1.2 - Distributed Services\Aspiro.WebApi\Aspiro.WebApi.csproj", "{C9BD631B-6F50-C8BD-9B0E-F353512FDCAD}"
EndProject
Project("{FAE04EC0-301F-11D3-BF4B-00C04F79EFBC}") = "Aspiro.Contracts.ExternalServices", "1 - Layers\1.3 - Application\Aspiro.Contracts.ExternalServices\Aspiro.Contracts.ExternalServices.csproj", "{D13FC3A0-ADDE-9270-3A43-676D28EA5436}"
EndProject
Project("{FAE04EC0-301F-11D3-BF4B-00C04F79EFBC}") = "Aspiro.Contracts.ServiceLibrary", "1 - Layers\1.3 - Application\Aspiro.Contracts.ServiceLibrary\Aspiro.Contracts.ServiceLibrary.csproj", "{2E48B273-9497-BAF5-CC89-C5BC7B397F70}"
EndProject
Project("{FAE04EC0-301F-11D3-BF4B-00C04F79EFBC}") = "Aspiro.Impl.ExternalServices", "1 - Layers\1.3 - Application\Aspiro.Impl.ExternalServices\Aspiro.Impl.ExternalServices.csproj", "{9123B462-B325-37D1-71F9-2211B6A500D8}"
EndProject
Project("{FAE04EC0-301F-11D3-BF4B-00C04F79EFBC}") = "Aspiro.Impl.ServiceLibrary", "1 - Layers\1.3 - Application\Aspiro.Impl.ServiceLibrary\Aspiro.Impl.ServiceLibrary.csproj", "{5652459D-1329-8CBF-D069-705E4D340E34}"
EndProject
Project("{FAE04EC0-301F-11D3-BF4B-00C04F79EFBC}") = "Aspiro.Library", "1 - Layers\1.4 - Domain\1.4.2 - MainModule\Aspiro.Library\Aspiro.Library.csproj", "{1304A82D-39FB-B306-F4DC-86F09A309C63}"
EndProject
Project("{FAE04EC0-301F-11D3-BF4B-00C04F79EFBC}") = "Aspiro.DB.Infrastructure", "1 - Layers\1.5 - Infrastructure\1.5.1 - Data\Aspiro.DB.Infrastructure\Aspiro.DB.Infrastructure.csproj", "{AA42742C-48C1-B57A-DE89-9875338A5A6B}"
EndProject
Project("{FAE04EC0-301F-11D3-BF4B-00C04F79EFBC}") = "Aspiro.Extensions", "1 - Layers\1.5 - Infrastructure\1.5.2 - Cross Cutting\Aspiro.Extensions\Aspiro.Extensions.csproj", "{EBCFE859-F757-32EE-5F8B-5FBA9B9724B7}"
EndProject
Project("{00D1A9C2-B5F0-4AF3-8072-F6C62B433612}") = "AspiroDataBase", "2 - Database\AspiroDataBase\AspiroDataBase.sqlproj", "{A3BF22E9-ADD2-4643-BD5B-E0DCF1EF7BEC}"
EndProject
Global
	GlobalSection(SolutionConfigurationPlatforms) = preSolution
		Debug|Any CPU = Debug|Any CPU
		Release|Any CPU = Release|Any CPU
	EndGlobalSection
	GlobalSection(ProjectConfigurationPlatforms) = postSolution
		{C9BD631B-6F50-C8BD-9B0E-F353512FDCAD}.Debug|Any CPU.ActiveCfg = Debug|Any CPU
		{C9BD631B-6F50-C8BD-9B0E-F353512FDCAD}.Debug|Any CPU.Build.0 = Debug|Any CPU
		{C9BD631B-6F50-C8BD-9B0E-F353512FDCAD}.Release|Any CPU.ActiveCfg = Release|Any CPU
		{C9BD631B-6F50-C8BD-9B0E-F353512FDCAD}.Release|Any CPU.Build.0 = Release|Any CPU
		{D13FC3A0-ADDE-9270-3A43-676D28EA5436}.Debug|Any CPU.ActiveCfg = Debug|Any CPU
		{D13FC3A0-ADDE-9270-3A43-676D28EA5436}.Debug|Any CPU.Build.0 = Debug|Any CPU
		{D13FC3A0-ADDE-9270-3A43-676D28EA5436}.Release|Any CPU.ActiveCfg = Release|Any CPU
		{D13FC3A0-ADDE-9270-3A43-676D28EA5436}.Release|Any CPU.Build.0 = Release|Any CPU
		{2E48B273-9497-BAF5-CC89-C5BC7B397F70}.Debug|Any CPU.ActiveCfg = Debug|Any CPU
		{2E48B273-9497-BAF5-CC89-C5BC7B397F70}.Debug|Any CPU.Build.0 = Debug|Any CPU
		{2E48B273-9497-BAF5-CC89-C5BC7B397F70}.Release|Any CPU.ActiveCfg = Release|Any CPU
		{2E48B273-9497-BAF5-CC89-C5BC7B397F70}.Release|Any CPU.Build.0 = Release|Any CPU
		{9123B462-B325-37D1-71F9-2211B6A500D8}.Debug|Any CPU.ActiveCfg = Debug|Any CPU
		{9123B462-B325-37D1-71F9-2211B6A500D8}.Debug|Any CPU.Build.0 = Debug|Any CPU
		{9123B462-B325-37D1-71F9-2211B6A500D8}.Release|Any CPU.ActiveCfg = Release|Any CPU
		{9123B462-B325-37D1-71F9-2211B6A500D8}.Release|Any CPU.Build.0 = Release|Any CPU
		{5652459D-1329-8CBF-D069-705E4D340E34}.Debug|Any CPU.ActiveCfg = Debug|Any CPU
		{5652459D-1329-8CBF-D069-705E4D340E34}.Debug|Any CPU.Build.0 = Debug|Any CPU
		{5652459D-1329-8CBF-D069-705E4D340E34}.Release|Any CPU.ActiveCfg = Release|Any CPU
		{5652459D-1329-8CBF-D069-705E4D340E34}.Release|Any CPU.Build.0 = Release|Any CPU
		{1304A82D-39FB-B306-F4DC-86F09A309C63}.Debug|Any CPU.ActiveCfg = Debug|Any CPU
		{1304A82D-39FB-B306-F4DC-86F09A309C63}.Debug|Any CPU.Build.0 = Debug|Any CPU
		{1304A82D-39FB-B306-F4DC-86F09A309C63}.Release|Any CPU.ActiveCfg = Release|Any CPU
		{1304A82D-39FB-B306-F4DC-86F09A309C63}.Release|Any CPU.Build.0 = Release|Any CPU
		{AA42742C-48C1-B57A-DE89-9875338A5A6B}.Debug|Any CPU.ActiveCfg = Debug|Any CPU
		{AA42742C-48C1-B57A-DE89-9875338A5A6B}.Debug|Any CPU.Build.0 = Debug|Any CPU
		{AA42742C-48C1-B57A-DE89-9875338A5A6B}.Release|Any CPU.ActiveCfg = Release|Any CPU
		{AA42742C-48C1-B57A-DE89-9875338A5A6B}.Release|Any CPU.Build.0 = Release|Any CPU
		{EBCFE859-F757-32EE-5F8B-5FBA9B9724B7}.Debug|Any CPU.ActiveCfg = Debug|Any CPU
		{EBCFE859-F757-32EE-5F8B-5FBA9B9724B7}.Debug|Any CPU.Build.0 = Debug|Any CPU
		{EBCFE859-F757-32EE-5F8B-5FBA9B9724B7}.Release|Any CPU.ActiveCfg = Release|Any CPU
		{EBCFE859-F757-32EE-5F8B-5FBA9B9724B7}.Release|Any CPU.Build.0 = Release|Any CPU
		{A3BF22E9-ADD2-4643-BD5B-E0DCF1EF7BEC}.Debug|Any CPU.ActiveCfg = Debug|Any CPU
		{A3BF22E9-ADD2-4643-BD5B-E0DCF1EF7BEC}.Debug|Any CPU.Build.0 = Debug|Any CPU
		{A3BF22E9-ADD2-4643-BD5B-E0DCF1EF7BEC}.Debug|Any CPU.Deploy.0 = Debug|Any CPU
		{A3BF22E9-ADD2-4643-BD5B-E0DCF1EF7BEC}.Release|Any CPU.ActiveCfg = Release|Any CPU
		{A3BF22E9-ADD2-4643-BD5B-E0DCF1EF7BEC}.Release|Any CPU.Build.0 = Release|Any CPU
		{A3BF22E9-ADD2-4643-BD5B-E0DCF1EF7BEC}.Release|Any CPU.Deploy.0 = Release|Any CPU
	EndGlobalSection
	GlobalSection(SolutionProperties) = preSolution
		HideSolutionNode = FALSE
	EndGlobalSection
	GlobalSection(NestedProjects) = preSolution
		{3E696E92-0179-4504-A5CC-BA69129BAFB2} = {8BB010FD-7B8B-494A-8407-DD4B1BF7A795}
		{13CF4C1B-D109-4FDB-BF3F-7B573F0365B2} = {8BB010FD-7B8B-494A-8407-DD4B1BF7A795}
		{BA1D10E1-6D2A-43AB-841E-B369AFD859CA} = {8BB010FD-7B8B-494A-8407-DD4B1BF7A795}
		{D260E41A-377E-4EE9-AE08-FFE6CE1ABC5D} = {8BB010FD-7B8B-494A-8407-DD4B1BF7A795}
		{2C5A883F-7176-4481-A67B-F5E64761103F} = {8BB010FD-7B8B-494A-8407-DD4B1BF7A795}
		{0E864A4B-9793-44E8-97DE-4BC16CFF1F9B} = {D260E41A-377E-4EE9-AE08-FFE6CE1ABC5D}
		{FAA95A63-1217-4CDD-B6CD-C6012C7C4DFF} = {D260E41A-377E-4EE9-AE08-FFE6CE1ABC5D}
		{1CFABD8D-449E-4172-B455-7574ECF09FDA} = {2C5A883F-7176-4481-A67B-F5E64761103F}
		{C23C8C93-EA6F-45CF-B285-3E672EA39DA5} = {2C5A883F-7176-4481-A67B-F5E64761103F}
		{C9BD631B-6F50-C8BD-9B0E-F353512FDCAD} = {13CF4C1B-D109-4FDB-BF3F-7B573F0365B2}
		{D13FC3A0-ADDE-9270-3A43-676D28EA5436} = {BA1D10E1-6D2A-43AB-841E-B369AFD859CA}
		{2E48B273-9497-BAF5-CC89-C5BC7B397F70} = {BA1D10E1-6D2A-43AB-841E-B369AFD859CA}
		{9123B462-B325-37D1-71F9-2211B6A500D8} = {BA1D10E1-6D2A-43AB-841E-B369AFD859CA}
		{5652459D-1329-8CBF-D069-705E4D340E34} = {BA1D10E1-6D2A-43AB-841E-B369AFD859CA}
		{1304A82D-39FB-B306-F4DC-86F09A309C63} = {FAA95A63-1217-4CDD-B6CD-C6012C7C4DFF}
		{AA42742C-48C1-B57A-DE89-9875338A5A6B} = {1CFABD8D-449E-4172-B455-7574ECF09FDA}
		{EBCFE859-F757-32EE-5F8B-5FBA9B9724B7} = {C23C8C93-EA6F-45CF-B285-3E672EA39DA5}
		{A3BF22E9-ADD2-4643-BD5B-E0DCF1EF7BEC} = {6722C609-7A6B-4D37-B491-E4A92003A7C7}
	EndGlobalSection
	GlobalSection(ExtensibilityGlobals) = postSolution
		SolutionGuid = {A2C2DF1E-3A88-4F88-939B-8E81D5E5752C}
	EndGlobalSection
EndGlobal
